
Microsoft Visual Studio Solution File, Format Version 12.00
# Visual Studio Version 17
VisualStudioVersion = 17.7.34018.315
MinimumVisualStudioVersion = 10.0.40219.1
Project("{FAE04EC0-301F-11D3-BF4B-00C04F79EFBC}") = "AuditingSystem.Web", "AuditingSystem.Web\AuditingSystem.Web.csproj", "{982F0BC3-2FF5-46CB-A3F8-CEF89D645284}"
EndProject
Project("{FAE04EC0-301F-11D3-BF4B-00C04F79EFBC}") = "AuditingSystem.Entities", "AuditingSystem.Entities\AuditingSystem.Entities.csproj", "{990EE83C-09D6-42CC-B262-FC6131863390}"
EndProject
Project("{FAE04EC0-301F-11D3-BF4B-00C04F79EFBC}") = "AuditingSystem.Database", "AuditingSystem.Database\AuditingSystem.Database.csproj", "{6DDD825A-E038-4F69-90C6-BD3C644D84E8}"
EndProject
Project("{FAE04EC0-301F-11D3-BF4B-00C04F79EFBC}") = "AuditingSystem.Services", "AuditingSystem.Services\AuditingSystem.Services.csproj", "{C1FEB237-C714-4115-8E2B-C311AFC3C54F}"
EndProject
Global
	GlobalSection(SolutionConfigurationPlatforms) = preSolution
		Debug|Any CPU = Debug|Any CPU
		Release|Any CPU = Release|Any CPU
	EndGlobalSection
	GlobalSection(ProjectConfigurationPlatforms) = postSolution
		{982F0BC3-2FF5-46CB-A3F8-CEF89D645284}.Debug|Any CPU.ActiveCfg = Debug|Any CPU
		{982F0BC3-2FF5-46CB-A3F8-CEF89D645284}.Debug|Any CPU.Build.0 = Debug|Any CPU
		{982F0BC3-2FF5-46CB-A3F8-CEF89D645284}.Release|Any CPU.ActiveCfg = Release|Any CPU
		{982F0BC3-2FF5-46CB-A3F8-CEF89D645284}.Release|Any CPU.Build.0 = Release|Any CPU
		{990EE83C-09D6-42CC-B262-FC6131863390}.Debug|Any CPU.ActiveCfg = Debug|Any CPU
		{990EE83C-09D6-42CC-B262-FC6131863390}.Debug|Any CPU.Build.0 = Debug|Any CPU
		{990EE83C-09D6-42CC-B262-FC6131863390}.Release|Any CPU.ActiveCfg = Release|Any CPU
		{990EE83C-09D6-42CC-B262-FC6131863390}.Release|Any CPU.Build.0 = Release|Any CPU
		{6DDD825A-E038-4F69-90C6-BD3C644D84E8}.Debug|Any CPU.ActiveCfg = Debug|Any CPU
		{6DDD825A-E038-4F69-90C6-BD3C644D84E8}.Debug|Any CPU.Build.0 = Debug|Any CPU
		{6DDD825A-E038-4F69-90C6-BD3C644D84E8}.Release|Any CPU.ActiveCfg = Release|Any CPU
		{6DDD825A-E038-4F69-90C6-BD3C644D84E8}.Release|Any CPU.Build.0 = Release|Any CPU
		{C1FEB237-C714-4115-8E2B-C311AFC3C54F}.Debug|Any CPU.ActiveCfg = Debug|Any CPU
		{C1FEB237-C714-4115-8E2B-C311AFC3C54F}.Debug|Any CPU.Build.0 = Debug|Any CPU
		{C1FEB237-C714-4115-8E2B-C311AFC3C54F}.Release|Any CPU.ActiveCfg = Release|Any CPU
		{C1FEB237-C714-4115-8E2B-C311AFC3C54F}.Release|Any CPU.Build.0 = Release|Any CPU
	EndGlobalSection
	GlobalSection(SolutionProperties) = preSolution
		HideSolutionNode = FALSE
	EndGlobalSection
	GlobalSection(ExtensibilityGlobals) = postSolution
		SolutionGuid = {45B4D11A-CED9-4D24-A3AE-C09EF1DE037B}
	EndGlobalSection
EndGlobal
